// !$*UTF8*$!
{
	archiveVersion = 1;
	classes = {
	};
	objectVersion = 55;
	objects = {

/* Begin PBXBuildFile section */
		63547B8728744C9600D01CDA /* AppDelegate.swift in Sources */ = {isa = PBXBuildFile; fileRef = 63547B8628744C9600D01CDA /* AppDelegate.swift */; };
		63547B8928744C9600D01CDA /* SceneDelegate.swift in Sources */ = {isa = PBXBuildFile; fileRef = 63547B8828744C9600D01CDA /* SceneDelegate.swift */; };
		63547B8B28744C9600D01CDA /* TabBar.swift in Sources */ = {isa = PBXBuildFile; fileRef = 63547B8A28744C9600D01CDA /* TabBar.swift */; };
		63547B9028744C9700D01CDA /* Assets.xcassets in Resources */ = {isa = PBXBuildFile; fileRef = 63547B8F28744C9700D01CDA /* Assets.xcassets */; };
		63547B9C28744CEE00D01CDA /* UserViewController.swift in Sources */ = {isa = PBXBuildFile; fileRef = 63547B9B28744CEE00D01CDA /* UserViewController.swift */; };
		63547B9E287455DE00D01CDA /* UsersViewCell.swift in Sources */ = {isa = PBXBuildFile; fileRef = 63547B9D287455DE00D01CDA /* UsersViewCell.swift */; };
		63547BA328746C8C00D01CDA /* ModelUser.swift in Sources */ = {isa = PBXBuildFile; fileRef = 63547BA228746C8C00D01CDA /* ModelUser.swift */; };
		63547BA528746D9000D01CDA /* UserTableView.swift in Sources */ = {isa = PBXBuildFile; fileRef = 63547BA428746D9000D01CDA /* UserTableView.swift */; };
		63547BA828746F9400D01CDA /* EmojisViewController.swift in Sources */ = {isa = PBXBuildFile; fileRef = 63547BA728746F9400D01CDA /* EmojisViewController.swift */; };
		63547BAA2874727700D01CDA /* IconViewCells.swift in Sources */ = {isa = PBXBuildFile; fileRef = 63547BA92874727700D01CDA /* IconViewCells.swift */; };
		63547BAD2874788600D01CDA /* MainViewController.swift in Sources */ = {isa = PBXBuildFile; fileRef = 63547BAC2874788600D01CDA /* MainViewController.swift */; };
		63547BB12874841E00D01CDA /* UserDetailsViewController.swift in Sources */ = {isa = PBXBuildFile; fileRef = 63547BB02874841E00D01CDA /* UserDetailsViewController.swift */; };
/* End PBXBuildFile section */

/* Begin PBXFileReference section */
		63547B8328744C9600D01CDA /* testGit.app */ = {isa = PBXFileReference; explicitFileType = wrapper.application; includeInIndex = 0; path = testGit.app; sourceTree = BUILT_PRODUCTS_DIR; };
		63547B8628744C9600D01CDA /* AppDelegate.swift */ = {isa = PBXFileReference; lastKnownFileType = sourcecode.swift; path = AppDelegate.swift; sourceTree = "<group>"; };
		63547B8828744C9600D01CDA /* SceneDelegate.swift */ = {isa = PBXFileReference; lastKnownFileType = sourcecode.swift; path = SceneDelegate.swift; sourceTree = "<group>"; };
		63547B8A28744C9600D01CDA /* TabBar.swift */ = {isa = PBXFileReference; lastKnownFileType = sourcecode.swift; path = TabBar.swift; sourceTree = "<group>"; };
		63547B8F28744C9700D01CDA /* Assets.xcassets */ = {isa = PBXFileReference; lastKnownFileType = folder.assetcatalog; path = Assets.xcassets; sourceTree = "<group>"; };
		63547B9428744C9700D01CDA /* Info.plist */ = {isa = PBXFileReference; lastKnownFileType = text.plist.xml; path = Info.plist; sourceTree = "<group>"; };
		63547B9B28744CEE00D01CDA /* UserViewController.swift */ = {isa = PBXFileReference; lastKnownFileType = sourcecode.swift; path = UserViewController.swift; sourceTree = "<group>"; };
		63547B9D287455DE00D01CDA /* UsersViewCell.swift */ = {isa = PBXFileReference; lastKnownFileType = sourcecode.swift; path = UsersViewCell.swift; sourceTree = "<group>"; };
		63547BA228746C8C00D01CDA /* ModelUser.swift */ = {isa = PBXFileReference; lastKnownFileType = sourcecode.swift; path = ModelUser.swift; sourceTree = "<group>"; };
		63547BA428746D9000D01CDA /* UserTableView.swift */ = {isa = PBXFileReference; lastKnownFileType = sourcecode.swift; path = UserTableView.swift; sourceTree = "<group>"; };
		63547BA728746F9400D01CDA /* EmojisViewController.swift */ = {isa = PBXFileReference; lastKnownFileType = sourcecode.swift; path = EmojisViewController.swift; sourceTree = "<group>"; };
		63547BA92874727700D01CDA /* IconViewCells.swift */ = {isa = PBXFileReference; lastKnownFileType = sourcecode.swift; path = IconViewCells.swift; sourceTree = "<group>"; };
		63547BAC2874788600D01CDA /* MainViewController.swift */ = {isa = PBXFileReference; lastKnownFileType = sourcecode.swift; path = MainViewController.swift; sourceTree = "<group>"; };
		63547BB02874841E00D01CDA /* UserDetailsViewController.swift */ = {isa = PBXFileReference; lastKnownFileType = sourcecode.swift; path = UserDetailsViewController.swift; sourceTree = "<group>"; };
/* End PBXFileReference section */

/* Begin PBXFrameworksBuildPhase section */
		63547B8028744C9600D01CDA /* Frameworks */ = {
			isa = PBXFrameworksBuildPhase;
			buildActionMask = 2147483647;
			files = (
			);
			runOnlyForDeploymentPostprocessing = 0;
		};
/* End PBXFrameworksBuildPhase section */

/* Begin PBXGroup section */
		63547B7A28744C9500D01CDA = {
			isa = PBXGroup;
			children = (
				63547B8528744C9600D01CDA /* testGit */,
				63547B8428744C9600D01CDA /* Products */,
			);
			sourceTree = "<group>";
		};
		63547B8428744C9600D01CDA /* Products */ = {
			isa = PBXGroup;
			children = (
				63547B8328744C9600D01CDA /* testGit.app */,
			);
			name = Products;
			sourceTree = "<group>";
		};
		63547B8528744C9600D01CDA /* testGit */ = {
			isa = PBXGroup;
			children = (
				63547B8828744C9600D01CDA /* SceneDelegate.swift */,
				63547B8628744C9600D01CDA /* AppDelegate.swift */,
				63547BAF2874836800D01CDA /* UserDetailsScreen */,
				63547BAB2874786200D01CDA /* MainScreen */,
				63547BA628746F5200D01CDA /* EmojisScreen */,
				63547B9A28744CCA00D01CDA /* UsersScreen */,
				63547B8F28744C9700D01CDA /* Assets.xcassets */,
				63547B9428744C9700D01CDA /* Info.plist */,
			);
			path = testGit;
			sourceTree = "<group>";
		};
		63547B9A28744CCA00D01CDA /* UsersScreen */ = {
			isa = PBXGroup;
			children = (
				63547BA128746C6200D01CDA /* Model */,
				63547BA028746C3B00D01CDA /* Controller */,
				63547B9F28746B1900D01CDA /* View */,
			);
			path = UsersScreen;
			sourceTree = "<group>";
		};
		63547B9F28746B1900D01CDA /* View */ = {
			isa = PBXGroup;
			children = (
				63547B9D287455DE00D01CDA /* UsersViewCell.swift */,
				63547BA428746D9000D01CDA /* UserTableView.swift */,
			);
			path = View;
			sourceTree = "<group>";
		};
		63547BA028746C3B00D01CDA /* Controller */ = {
			isa = PBXGroup;
			children = (
				63547B9B28744CEE00D01CDA /* UserViewController.swift */,
				63547BA228746C8C00D01CDA /* ModelUser.swift */,
			);
			path = Controller;
			sourceTree = "<group>";
		};
		63547BA128746C6200D01CDA /* Model */ = {
			isa = PBXGroup;
			children = (
			);
			path = Model;
			sourceTree = "<group>";
		};
		63547BA628746F5200D01CDA /* EmojisScreen */ = {
			isa = PBXGroup;
			children = (
				63547BA728746F9400D01CDA /* EmojisViewController.swift */,
				63547BA92874727700D01CDA /* IconViewCells.swift */,
			);
			path = EmojisScreen;
			sourceTree = "<group>";
		};
		63547BAB2874786200D01CDA /* MainScreen */ = {
			isa = PBXGroup;
			children = (
				63547BAC2874788600D01CDA /* MainViewController.swift */,
				63547B8A28744C9600D01CDA /* TabBar.swift */,
			);
			path = MainScreen;
			sourceTree = "<group>";
		};
		63547BAF2874836800D01CDA /* UserDetailsScreen */ = {
			isa = PBXGroup;
			children = (
				63547BB02874841E00D01CDA /* UserDetailsViewController.swift */,
			);
			path = UserDetailsScreen;
			sourceTree = "<group>";
		};
/* End PBXGroup section */

/* Begin PBXNativeTarget section */
		63547B8228744C9600D01CDA /* testGit */ = {
			isa = PBXNativeTarget;
			buildConfigurationList = 63547B9728744C9700D01CDA /* Build configuration list for PBXNativeTarget "testGit" */;
			buildPhases = (
				63547B7F28744C9600D01CDA /* Sources */,
				63547B8028744C9600D01CDA /* Frameworks */,
				63547B8128744C9600D01CDA /* Resources */,
			);
			buildRules = (
			);
			dependencies = (
			);
			name = testGit;
			productName = testGit;
			productReference = 63547B8328744C9600D01CDA /* testGit.app */;
			productType = "com.apple.product-type.application";
		};
/* End PBXNativeTarget section */

/* Begin PBXProject section */
		63547B7B28744C9500D01CDA /* Project object */ = {
			isa = PBXProject;
			attributes = {
				BuildIndependentTargetsInParallel = 1;
				LastSwiftUpdateCheck = 1340;
				LastUpgradeCheck = 1340;
				TargetAttributes = {
					63547B8228744C9600D01CDA = {
						CreatedOnToolsVersion = 13.4;
					};
				};
			};
			buildConfigurationList = 63547B7E28744C9500D01CDA /* Build configuration list for PBXProject "testGit" */;
			compatibilityVersion = "Xcode 13.0";
			developmentRegion = en;
			hasScannedForEncodings = 0;
			knownRegions = (
				en,
				Base,
			);
			mainGroup = 63547B7A28744C9500D01CDA;
			productRefGroup = 63547B8428744C9600D01CDA /* Products */;
			projectDirPath = "";
			projectRoot = "";
			targets = (
				63547B8228744C9600D01CDA /* testGit */,
			);
		};
/* End PBXProject section */

/* Begin PBXResourcesBuildPhase section */
		63547B8128744C9600D01CDA /* Resources */ = {
			isa = PBXResourcesBuildPhase;
			buildActionMask = 2147483647;
			files = (
				63547B9028744C9700D01CDA /* Assets.xcassets in Resources */,
			);
			runOnlyForDeploymentPostprocessing = 0;
		};
/* End PBXResourcesBuildPhase section */

/* Begin PBXSourcesBuildPhase section */
		63547B7F28744C9600D01CDA /* Sources */ = {
			isa = PBXSourcesBuildPhase;
			buildActionMask = 2147483647;
			files = (
				63547BA328746C8C00D01CDA /* ModelUser.swift in Sources */,
				63547B8B28744C9600D01CDA /* TabBar.swift in Sources */,
				63547B9C28744CEE00D01CDA /* UserViewController.swift in Sources */,
				63547BA828746F9400D01CDA /* EmojisViewController.swift in Sources */,
				63547BAA2874727700D01CDA /* IconViewCells.swift in Sources */,
				63547BA528746D9000D01CDA /* UserTableView.swift in Sources */,
				63547B8728744C9600D01CDA /* AppDelegate.swift in Sources */,
				63547B8928744C9600D01CDA /* SceneDelegate.swift in Sources */,
				63547BB12874841E00D01CDA /* UserDetailsViewController.swift in Sources */,
				63547B9E287455DE00D01CDA /* UsersViewCell.swift in Sources */,
				63547BAD2874788600D01CDA /* MainViewController.swift in Sources */,
			);
			runOnlyForDeploymentPostprocessing = 0;
		};
/* End PBXSourcesBuildPhase section */

/* Begin XCBuildConfiguration section */
		63547B9528744C9700D01CDA /* Debug */ = {
			isa = XCBuildConfiguration;
			buildSettings = {
				ALWAYS_SEARCH_USER_PATHS = NO;
				CLANG_ANALYZER_NONNULL = YES;
				CLANG_ANALYZER_NUMBER_OBJECT_CONVERSION = YES_AGGRESSIVE;
				CLANG_CXX_LANGUAGE_STANDARD = "gnu++17";
				CLANG_ENABLE_MODULES = YES;
				CLANG_ENABLE_OBJC_ARC = YES;
				CLANG_ENABLE_OBJC_WEAK = YES;
				CLANG_WARN_BLOCK_CAPTURE_AUTORELEASING = YES;
				CLANG_WARN_BOOL_CONVERSION = YES;
				CLANG_WARN_COMMA = YES;
				CLANG_WARN_CONSTANT_CONVERSION = YES;
				CLANG_WARN_DEPRECATED_OBJC_IMPLEMENTATIONS = YES;
				CLANG_WARN_DIRECT_OBJC_ISA_USAGE = YES_ERROR;
				CLANG_WARN_DOCUMENTATION_COMMENTS = YES;
				CLANG_WARN_EMPTY_BODY = YES;
				CLANG_WARN_ENUM_CONVERSION = YES;
				CLANG_WARN_INFINITE_RECURSION = YES;
				CLANG_WARN_INT_CONVERSION = YES;
				CLANG_WARN_NON_LITERAL_NULL_CONVERSION = YES;
				CLANG_WARN_OBJC_IMPLICIT_RETAIN_SELF = YES;
				CLANG_WARN_OBJC_LITERAL_CONVERSION = YES;
				CLANG_WARN_OBJC_ROOT_CLASS = YES_ERROR;
				CLANG_WARN_QUOTED_INCLUDE_IN_FRAMEWORK_HEADER = YES;
				CLANG_WARN_RANGE_LOOP_ANALYSIS = YES;
				CLANG_WARN_STRICT_PROTOTYPES = YES;
				CLANG_WARN_SUSPICIOUS_MOVE = YES;
				CLANG_WARN_UNGUARDED_AVAILABILITY = YES_AGGRESSIVE;
				CLANG_WARN_UNREACHABLE_CODE = YES;
				CLANG_WARN__DUPLICATE_METHOD_MATCH = YES;
				COPY_PHASE_STRIP = NO;
				DEBUG_INFORMATION_FORMAT = dwarf;
				ENABLE_STRICT_OBJC_MSGSEND = YES;
				ENABLE_TESTABILITY = YES;
				GCC_C_LANGUAGE_STANDARD = gnu11;
				GCC_DYNAMIC_NO_PIC = NO;
				GCC_NO_COMMON_BLOCKS = YES;
				GCC_OPTIMIZATION_LEVEL = 0;
				GCC_PREPROCESSOR_DEFINITIONS = (
					"DEBUG=1",
					"$(inherited)",
				);
				GCC_WARN_64_TO_32_BIT_CONVERSION = YES;
				GCC_WARN_ABOUT_RETURN_TYPE = YES_ERROR;
				GCC_WARN_UNDECLARED_SELECTOR = YES;
				GCC_WARN_UNINITIALIZED_AUTOS = YES_AGGRESSIVE;
				GCC_WARN_UNUSED_FUNCTION = YES;
				GCC_WARN_UNUSED_VARIABLE = YES;
				IPHONEOS_DEPLOYMENT_TARGET = 15.5;
				MTL_ENABLE_DEBUG_INFO = INCLUDE_SOURCE;
				MTL_FAST_MATH = YES;
				ONLY_ACTIVE_ARCH = YES;
				SDKROOT = iphoneos;
				SWIFT_ACTIVE_COMPILATION_CONDITIONS = DEBUG;
				SWIFT_OPTIMIZATION_LEVEL = "-Onone";
			};
			name = Debug;
		};
		63547B9628744C9700D01CDA /* Release */ = {
			isa = XCBuildConfiguration;
			buildSettings = {
				ALWAYS_SEARCH_USER_PATHS = NO;
				CLANG_ANALYZER_NONNULL = YES;
				CLANG_ANALYZER_NUMBER_OBJECT_CONVERSION = YES_AGGRESSIVE;
				CLANG_CXX_LANGUAGE_STANDARD = "gnu++17";
				CLANG_ENABLE_MODULES = YES;
				CLANG_ENABLE_OBJC_ARC = YES;
				CLANG_ENABLE_OBJC_WEAK = YES;
				CLANG_WARN_BLOCK_CAPTURE_AUTORELEASING = YES;
				CLANG_WARN_BOOL_CONVERSION = YES;
				CLANG_WARN_COMMA = YES;
				CLANG_WARN_CONSTANT_CONVERSION = YES;
				CLANG_WARN_DEPRECATED_OBJC_IMPLEMENTATIONS = YES;
				CLANG_WARN_DIRECT_OBJC_ISA_USAGE = YES_ERROR;
				CLANG_WARN_DOCUMENTATION_COMMENTS = YES;
				CLANG_WARN_EMPTY_BODY = YES;
				CLANG_WARN_ENUM_CONVERSION = YES;
				CLANG_WARN_INFINITE_RECURSION = YES;
				CLANG_WARN_INT_CONVERSION = YES;
				CLANG_WARN_NON_LITERAL_NULL_CONVERSION = YES;
				CLANG_WARN_OBJC_IMPLICIT_RETAIN_SELF = YES;
				CLANG_WARN_OBJC_LITERAL_CONVERSION = YES;
				CLANG_WARN_OBJC_ROOT_CLASS = YES_ERROR;
				CLANG_WARN_QUOTED_INCLUDE_IN_FRAMEWORK_HEADER = YES;
				CLANG_WARN_RANGE_LOOP_ANALYSIS = YES;
				CLANG_WARN_STRICT_PROTOTYPES = YES;
				CLANG_WARN_SUSPICIOUS_MOVE = YES;
				CLANG_WARN_UNGUARDED_AVAILABILITY = YES_AGGRESSIVE;
				CLANG_WARN_UNREACHABLE_CODE = YES;
				CLANG_WARN__DUPLICATE_METHOD_MATCH = YES;
				COPY_PHASE_STRIP = NO;
				DEBUG_INFORMATION_FORMAT = "dwarf-with-dsym";
				ENABLE_NS_ASSERTIONS = NO;
				ENABLE_STRICT_OBJC_MSGSEND = YES;
				GCC_C_LANGUAGE_STANDARD = gnu11;
				GCC_NO_COMMON_BLOCKS = YES;
				GCC_WARN_64_TO_32_BIT_CONVERSION = YES;
				GCC_WARN_ABOUT_RETURN_TYPE = YES_ERROR;
				GCC_WARN_UNDECLARED_SELECTOR = YES;
				GCC_WARN_UNINITIALIZED_AUTOS = YES_AGGRESSIVE;
				GCC_WARN_UNUSED_FUNCTION = YES;
				GCC_WARN_UNUSED_VARIABLE = YES;
				IPHONEOS_DEPLOYMENT_TARGET = 15.5;
				MTL_ENABLE_DEBUG_INFO = NO;
				MTL_FAST_MATH = YES;
				SDKROOT = iphoneos;
				SWIFT_COMPILATION_MODE = wholemodule;
				SWIFT_OPTIMIZATION_LEVEL = "-O";
				VALIDATE_PRODUCT = YES;
			};
			name = Release;
		};
		63547B9828744C9700D01CDA /* Debug */ = {
			isa = XCBuildConfiguration;
			buildSettings = {
				ASSETCATALOG_COMPILER_APPICON_NAME = AppIcon;
				ASSETCATALOG_COMPILER_GLOBAL_ACCENT_COLOR_NAME = AccentColor;
				CODE_SIGN_STYLE = Automatic;
				CURRENT_PROJECT_VERSION = 1;
				DEVELOPMENT_TEAM = 4A8R484TGN;
				GENERATE_INFOPLIST_FILE = YES;
				INFOPLIST_FILE = testGit/Info.plist;
				INFOPLIST_KEY_UIApplicationSupportsIndirectInputEvents = YES;
				INFOPLIST_KEY_UILaunchStoryboardName = LaunchScreen;
				INFOPLIST_KEY_UISupportedInterfaceOrientations = "UIInterfaceOrientationPortrait UIInterfaceOrientationLandscapeLeft UIInterfaceOrientationLandscapeRight";
				INFOPLIST_KEY_UISupportedInterfaceOrientations_iPad = "UIInterfaceOrientationPortrait UIInterfaceOrientationPortraitUpsideDown UIInterfaceOrientationLandscapeLeft UIInterfaceOrientationLandscapeRight";
				INFOPLIST_KEY_UISupportedInterfaceOrientations_iPhone = "UIInterfaceOrientationPortrait UIInterfaceOrientationLandscapeLeft UIInterfaceOrientationLandscapeRight";
				LD_RUNPATH_SEARCH_PATHS = (
					"$(inherited)",
					"@executable_path/Frameworks",
				);
				MARKETING_VERSION = 1.0;
				PRODUCT_BUNDLE_IDENTIFIER = com.kristina.testGit;
				PRODUCT_NAME = "$(TARGET_NAME)";
				SWIFT_EMIT_LOC_STRINGS = YES;
				SWIFT_VERSION = 5.0;
				TARGETED_DEVICE_FAMILY = "1,2";
			};
			name = Debug;
		};
		63547B9928744C9700D01CDA /* Release */ = {
			isa = XCBuildConfiguration;
			buildSettings = {
				ASSETCATALOG_COMPILER_APPICON_NAME = AppIcon;
				ASSETCATALOG_COMPILER_GLOBAL_ACCENT_COLOR_NAME = AccentColor;
				CODE_SIGN_STYLE = Automatic;
				CURRENT_PROJECT_VERSION = 1;
				DEVELOPMENT_TEAM = 4A8R484TGN;
				GENERATE_INFOPLIST_FILE = YES;
				INFOPLIST_FILE = testGit/Info.plist;
				INFOPLIST_KEY_UIApplicationSupportsIndirectInputEvents = YES;
				INFOPLIST_KEY_UILaunchStoryboardName = LaunchScreen;
				INFOPLIST_KEY_UISupportedInterfaceOrientations = "UIInterfaceOrientationPortrait UIInterfaceOrientationLandscapeLeft UIInterfaceOrientationLandscapeRight";
				INFOPLIST_KEY_UISupportedInterfaceOrientations_iPad = "UIInterfaceOrientationPortrait UIInterfaceOrientationPortraitUpsideDown UIInterfaceOrientationLandscapeLeft UIInterfaceOrientationLandscapeRight";
				INFOPLIST_KEY_UISupportedInterfaceOrientations_iPhone = "UIInterfaceOrientationPortrait UIInterfaceOrientationLandscapeLeft UIInterfaceOrientationLandscapeRight";
				LD_RUNPATH_SEARCH_PATHS = (
					"$(inherited)",
					"@executable_path/Frameworks",
				);
				MARKETING_VERSION = 1.0;
				PRODUCT_BUNDLE_IDENTIFIER = com.kristina.testGit;
				PRODUCT_NAME = "$(TARGET_NAME)";
				SWIFT_EMIT_LOC_STRINGS = YES;
				SWIFT_VERSION = 5.0;
				TARGETED_DEVICE_FAMILY = "1,2";
			};
			name = Release;
		};
/* End XCBuildConfiguration section */

/* Begin XCConfigurationList section */
		63547B7E28744C9500D01CDA /* Build configuration list for PBXProject "testGit" */ = {
			isa = XCConfigurationList;
			buildConfigurations = (
				63547B9528744C9700D01CDA /* Debug */,
				63547B9628744C9700D01CDA /* Release */,
			);
			defaultConfigurationIsVisible = 0;
			defaultConfigurationName = Release;
		};
		63547B9728744C9700D01CDA /* Build configuration list for PBXNativeTarget "testGit" */ = {
			isa = XCConfigurationList;
			buildConfigurations = (
				63547B9828744C9700D01CDA /* Debug */,
				63547B9928744C9700D01CDA /* Release */,
			);
			defaultConfigurationIsVisible = 0;
			defaultConfigurationName = Release;
		};
/* End XCConfigurationList section */
	};
	rootObject = 63547B7B28744C9500D01CDA /* Project object */;
}
